
Microsoft Visual Studio Solution File, Format Version 12.00
# Visual Studio Version 17
VisualStudioVersion = 17.14.36109.1
MinimumVisualStudioVersion = 10.0.40219.1
Project("{2150E333-8FDC-42A3-9474-1A3956D46DE8}") = "src", "src", "{02EA681E-C7D8-13C7-8484-4AC65E1B71E8}"
EndProject
Project("{FAE04EC0-301F-11D3-BF4B-00C04F79EFBC}") = "TaskManagement.Core", "TaskManagement.Core\TaskManagement.Core.csproj", "{089201DF-4858-4741-9E52-92A6E6A0327F}"
EndProject
Project("{FAE04EC0-301F-11D3-BF4B-00C04F79EFBC}") = "TaskManagement.Infrastructure", "TaskManagement.Infrastructure\TaskManagement.Infrastructure.csproj", "{C9336A68-D1C6-4AE4-A044-F8A3D916573B}"
EndProject
Project("{FAE04EC0-301F-11D3-BF4B-00C04F79EFBC}") = "TaskManagement.API", "TaskManagement.API\TaskManagement.API.csproj", "{B3BF4181-51B0-493C-B76B-8D3075CBCB58}"
EndProject
Global
	GlobalSection(SolutionConfigurationPlatforms) = preSolution
		Debug|Any CPU = Debug|Any CPU
		Release|Any CPU = Release|Any CPU
	EndGlobalSection
	GlobalSection(ProjectConfigurationPlatforms) = postSolution
		{089201DF-4858-4741-9E52-92A6E6A0327F}.Debug|Any CPU.ActiveCfg = Debug|Any CPU
		{089201DF-4858-4741-9E52-92A6E6A0327F}.Debug|Any CPU.Build.0 = Debug|Any CPU
		{089201DF-4858-4741-9E52-92A6E6A0327F}.Release|Any CPU.ActiveCfg = Release|Any CPU
		{089201DF-4858-4741-9E52-92A6E6A0327F}.Release|Any CPU.Build.0 = Release|Any CPU
		{C9336A68-D1C6-4AE4-A044-F8A3D916573B}.Debug|Any CPU.ActiveCfg = Debug|Any CPU
		{C9336A68-D1C6-4AE4-A044-F8A3D916573B}.Debug|Any CPU.Build.0 = Debug|Any CPU
		{C9336A68-D1C6-4AE4-A044-F8A3D916573B}.Release|Any CPU.ActiveCfg = Release|Any CPU
		{C9336A68-D1C6-4AE4-A044-F8A3D916573B}.Release|Any CPU.Build.0 = Release|Any CPU
		{B3BF4181-51B0-493C-B76B-8D3075CBCB58}.Debug|Any CPU.ActiveCfg = Debug|Any CPU
		{B3BF4181-51B0-493C-B76B-8D3075CBCB58}.Debug|Any CPU.Build.0 = Debug|Any CPU
		{B3BF4181-51B0-493C-B76B-8D3075CBCB58}.Release|Any CPU.ActiveCfg = Release|Any CPU
		{B3BF4181-51B0-493C-B76B-8D3075CBCB58}.Release|Any CPU.Build.0 = Release|Any CPU
	EndGlobalSection
	GlobalSection(SolutionProperties) = preSolution
		HideSolutionNode = FALSE
	EndGlobalSection
	GlobalSection(NestedProjects) = preSolution
		{089201DF-4858-4741-9E52-92A6E6A0327F} = {02EA681E-C7D8-13C7-8484-4AC65E1B71E8}
		{C9336A68-D1C6-4AE4-A044-F8A3D916573B} = {02EA681E-C7D8-13C7-8484-4AC65E1B71E8}
		{B3BF4181-51B0-493C-B76B-8D3075CBCB58} = {02EA681E-C7D8-13C7-8484-4AC65E1B71E8}
	EndGlobalSection
	GlobalSection(ExtensibilityGlobals) = postSolution
		SolutionGuid = {E48E8085-D8FB-41BA-BA2C-1D4ED5BBCB95}
	EndGlobalSection
EndGlobal
